# This file is generated by running "yarn install" inside your project.
# Manual changes might be lost - proceed with caution!

__metadata:
  version: 6

"imagemagick-noritor-nestjs@workspace:.":
  version: 0.0.0-use.local
  resolution: "imagemagick-noritor-nestjs@workspace:."
  languageName: unknown
  linkType: soft
